
Microsoft Visual Studio Solution File, Format Version 12.00
# Visual Studio Version 17
VisualStudioVersion = 17.2.32616.157
MinimumVisualStudioVersion = 10.0.40219.1
Project("{FAE04EC0-301F-11D3-BF4B-00C04F79EFBC}") = "CSEP.Android", "CSEP.Android\CSEP.Android.csproj", "{7A960CBE-E7D2-4EA6-B98A-1AFC6751D576}"
EndProject
Project("{FAE04EC0-301F-11D3-BF4B-00C04F79EFBC}") = "CSEP", "CSEP\CSEP.csproj", "{99F72213-5041-424A-830F-B0331C1F1816}"
EndProject
Global
	GlobalSection(SolutionConfigurationPlatforms) = preSolution
		Debug|Any CPU = Debug|Any CPU
		Release|Any CPU = Release|Any CPU
	EndGlobalSection
	GlobalSection(ProjectConfigurationPlatforms) = postSolution
		{7A960CBE-E7D2-4EA6-B98A-1AFC6751D576}.Debug|Any CPU.ActiveCfg = Debug|Any CPU
		{7A960CBE-E7D2-4EA6-B98A-1AFC6751D576}.Debug|Any CPU.Build.0 = Debug|Any CPU
		{7A960CBE-E7D2-4EA6-B98A-1AFC6751D576}.Debug|Any CPU.Deploy.0 = Debug|Any CPU
		{7A960CBE-E7D2-4EA6-B98A-1AFC6751D576}.Release|Any CPU.ActiveCfg = Release|Any CPU
		{7A960CBE-E7D2-4EA6-B98A-1AFC6751D576}.Release|Any CPU.Build.0 = Release|Any CPU
		{7A960CBE-E7D2-4EA6-B98A-1AFC6751D576}.Release|Any CPU.Deploy.0 = Release|Any CPU
		{99F72213-5041-424A-830F-B0331C1F1816}.Debug|Any CPU.ActiveCfg = Debug|Any CPU
		{99F72213-5041-424A-830F-B0331C1F1816}.Debug|Any CPU.Build.0 = Debug|Any CPU
		{99F72213-5041-424A-830F-B0331C1F1816}.Debug|Any CPU.Deploy.0 = Debug|Any CPU
		{99F72213-5041-424A-830F-B0331C1F1816}.Release|Any CPU.ActiveCfg = Release|Any CPU
		{99F72213-5041-424A-830F-B0331C1F1816}.Release|Any CPU.Build.0 = Release|Any CPU
		{99F72213-5041-424A-830F-B0331C1F1816}.Release|Any CPU.Deploy.0 = Release|Any CPU
	EndGlobalSection
	GlobalSection(SolutionProperties) = preSolution
		HideSolutionNode = FALSE
	EndGlobalSection
	GlobalSection(ExtensibilityGlobals) = postSolution
		SolutionGuid = {FC287CAE-4BC1-4CC2-9E90-07B01F528C06}
	EndGlobalSection
EndGlobal
